
Microsoft Visual Studio Solution File, Format Version 12.00
# Visual Studio Version 17
VisualStudioVersion = 17.4.33122.133
MinimumVisualStudioVersion = 10.0.40219.1
Project("{FAE04EC0-301F-11D3-BF4B-00C04F79EFBC}") = "CRUD Operations", "CRUD Operations.csproj", "{011CA990-FF5B-48C8-A07F-84527C52DAEE}"
EndProject
Global
	GlobalSection(SolutionConfigurationPlatforms) = preSolution
		Debug|Any CPU = Debug|Any CPU
		Release|Any CPU = Release|Any CPU
	EndGlobalSection
	GlobalSection(ProjectConfigurationPlatforms) = postSolution
		{011CA990-FF5B-48C8-A07F-84527C52DAEE}.Debug|Any CPU.ActiveCfg = Debug|Any CPU
		{011CA990-FF5B-48C8-A07F-84527C52DAEE}.Debug|Any CPU.Build.0 = Debug|Any CPU
		{011CA990-FF5B-48C8-A07F-84527C52DAEE}.Release|Any CPU.ActiveCfg = Release|Any CPU
		{011CA990-FF5B-48C8-A07F-84527C52DAEE}.Release|Any CPU.Build.0 = Release|Any CPU
	EndGlobalSection
	GlobalSection(SolutionProperties) = preSolution
		HideSolutionNode = FALSE
	EndGlobalSection
	GlobalSection(ExtensibilityGlobals) = postSolution
		SolutionGuid = {2F8A80D0-F6B3-49E2-AE93-F85441777D24}
	EndGlobalSection
EndGlobal
